
Microsoft Visual Studio Solution File, Format Version 12.00
# Visual Studio 14
VisualStudioVersion = 14.0.24720.0
MinimumVisualStudioVersion = 10.0.40219.1
Project("{FAE04EC0-301F-11D3-BF4B-00C04F79EFBC}") = "Codeless.net45", "net45\Codeless\Codeless.net45.csproj", "{83EAD660-EA9E-4DD6-A95F-8F9E04B968CF}"
EndProject
Project("{FAE04EC0-301F-11D3-BF4B-00C04F79EFBC}") = "Codeless.net35", "net35\Codeless\Codeless.net35.csproj", "{49A1883F-0565-4E0B-B1F4-E01D58978472}"
EndProject
Global
	GlobalSection(SolutionConfigurationPlatforms) = preSolution
		Debug|Any CPU = Debug|Any CPU
		Release|Any CPU = Release|Any CPU
	EndGlobalSection
	GlobalSection(ProjectConfigurationPlatforms) = postSolution
		{83EAD660-EA9E-4DD6-A95F-8F9E04B968CF}.Debug|Any CPU.ActiveCfg = Debug|Any CPU
		{83EAD660-EA9E-4DD6-A95F-8F9E04B968CF}.Debug|Any CPU.Build.0 = Debug|Any CPU
		{83EAD660-EA9E-4DD6-A95F-8F9E04B968CF}.Release|Any CPU.ActiveCfg = Release|Any CPU
		{83EAD660-EA9E-4DD6-A95F-8F9E04B968CF}.Release|Any CPU.Build.0 = Release|Any CPU
		{49A1883F-0565-4E0B-B1F4-E01D58978472}.Debug|Any CPU.ActiveCfg = Debug|Any CPU
		{49A1883F-0565-4E0B-B1F4-E01D58978472}.Debug|Any CPU.Build.0 = Debug|Any CPU
		{49A1883F-0565-4E0B-B1F4-E01D58978472}.Release|Any CPU.ActiveCfg = Release|Any CPU
		{49A1883F-0565-4E0B-B1F4-E01D58978472}.Release|Any CPU.Build.0 = Release|Any CPU
	EndGlobalSection
	GlobalSection(SolutionProperties) = preSolution
		HideSolutionNode = FALSE
	EndGlobalSection
EndGlobal
